{
    "name": "effect-hook",
    "version": "1.0.0",
    "lockfileVersion": 1,
    "requires": true,
    "dependencies": {
      "dependency-1": {
        "version": "1.0.0",
        "resolved": "https://registry.npmjs.org/dependency-1/-/dependency-1-1.0.0.tgz",
        "integrity": "sha512-...",
        "dev": true
      },
      "dependency-2": {
        "version": "2.0.0",
        "resolved": "https://registry.npmjs.org/dependency-2/-/dependency-2-2.0.0.tgz",
        "integrity": "sha512-...",
        "dev": true
      },
      "dev-dependency-1": {
        "version": "1.0.0",
        "resolved": "https://registry.npmjs.org/dev-dependency-1/-/dev-dependency-1-1.0.0.tgz",
        "integrity": "sha512-...",
        "dev": true
      }
    },
    "devDependencies": {
      "dev-dependency-1": {
        "version": "1.0.0",
        "resolved": "https://registry.npmjs.org/dev-dependency-1/-/dev-dependency-1-1.0.0.tgz",
        "integrity": "sha512-...",
        "dev": true
      }
    }
  }
  